
Microsoft Visual Studio Solution File, Format Version 11.00
# Visual Studio 2010
Project("{FAE04EC0-301F-11D3-BF4B-00C04F79EFBC}") = "SliderControl", "SliderControl\SliderControl.csproj", "{06E3C86B-3EF1-46A5-A483-B5132D9D4D88}"
EndProject
Global
	GlobalSection(SolutionConfigurationPlatforms) = preSolution
		Debug|iPhoneSimulator = Debug|iPhoneSimulator
		Release|iPhoneSimulator = Release|iPhoneSimulator
		Debug|iPhone = Debug|iPhone
		Release|iPhone = Release|iPhone
		Ad-Hoc|iPhone = Ad-Hoc|iPhone
		AppStore|iPhone = AppStore|iPhone
	EndGlobalSection
	GlobalSection(ProjectConfigurationPlatforms) = postSolution
		{06E3C86B-3EF1-46A5-A483-B5132D9D4D88}.Ad-Hoc|iPhone.ActiveCfg = Ad-Hoc|iPhone
		{06E3C86B-3EF1-46A5-A483-B5132D9D4D88}.Ad-Hoc|iPhone.Build.0 = Ad-Hoc|iPhone
		{06E3C86B-3EF1-46A5-A483-B5132D9D4D88}.AppStore|iPhone.ActiveCfg = AppStore|iPhone
		{06E3C86B-3EF1-46A5-A483-B5132D9D4D88}.AppStore|iPhone.Build.0 = AppStore|iPhone
		{06E3C86B-3EF1-46A5-A483-B5132D9D4D88}.Debug|iPhone.ActiveCfg = Debug|iPhone
		{06E3C86B-3EF1-46A5-A483-B5132D9D4D88}.Debug|iPhone.Build.0 = Debug|iPhone
		{06E3C86B-3EF1-46A5-A483-B5132D9D4D88}.Debug|iPhoneSimulator.ActiveCfg = Debug|iPhoneSimulator
		{06E3C86B-3EF1-46A5-A483-B5132D9D4D88}.Debug|iPhoneSimulator.Build.0 = Debug|iPhoneSimulator
		{06E3C86B-3EF1-46A5-A483-B5132D9D4D88}.Release|iPhone.ActiveCfg = Release|iPhone
		{06E3C86B-3EF1-46A5-A483-B5132D9D4D88}.Release|iPhone.Build.0 = Release|iPhone
		{06E3C86B-3EF1-46A5-A483-B5132D9D4D88}.Release|iPhoneSimulator.ActiveCfg = Release|iPhoneSimulator
		{06E3C86B-3EF1-46A5-A483-B5132D9D4D88}.Release|iPhoneSimulator.Build.0 = Release|iPhoneSimulator
	EndGlobalSection
	GlobalSection(MonoDevelopProperties) = preSolution
		StartupItem = SliderControl\SliderControl.csproj
	EndGlobalSection
EndGlobal
